
Microsoft Visual Studio Solution File, Format Version 12.00
# Visual Studio 2013
VisualStudioVersion = 12.0.21005.1
MinimumVisualStudioVersion = 10.0.40219.1
Project("{FAE04EC0-301F-11D3-BF4B-00C04F79EFBC}") = "Project.DataAccess", "Project.DataAccess\Project.DataAccess.csproj", "{935F1B4B-9C23-4279-8B1B-3C4035E96F88}"
EndProject
Project("{FAE04EC0-301F-11D3-BF4B-00C04F79EFBC}") = "Project.BussinessRules", "Project.BussinessRules\Project.BussinessRules.csproj", "{3949E22B-2086-4054-938D-1DBC67B24557}"
	ProjectSection(ProjectDependencies) = postProject
		{935F1B4B-9C23-4279-8B1B-3C4035E96F88} = {935F1B4B-9C23-4279-8B1B-3C4035E96F88}
	EndProjectSection
EndProject
Project("{FAE04EC0-301F-11D3-BF4B-00C04F79EFBC}") = "Project.Esampm", "Project.Esampm\Project.Esampm.csproj", "{7CDBB3CA-D173-4AC9-B924-B9433CF79CD4}"
	ProjectSection(ProjectDependencies) = postProject
		{3949E22B-2086-4054-938D-1DBC67B24557} = {3949E22B-2086-4054-938D-1DBC67B24557}
	EndProjectSection
EndProject
Global
	GlobalSection(SolutionConfigurationPlatforms) = preSolution
		Debug|Any CPU = Debug|Any CPU
		Release|Any CPU = Release|Any CPU
	EndGlobalSection
	GlobalSection(ProjectConfigurationPlatforms) = postSolution
		{935F1B4B-9C23-4279-8B1B-3C4035E96F88}.Debug|Any CPU.ActiveCfg = Debug|Any CPU
		{935F1B4B-9C23-4279-8B1B-3C4035E96F88}.Debug|Any CPU.Build.0 = Debug|Any CPU
		{935F1B4B-9C23-4279-8B1B-3C4035E96F88}.Release|Any CPU.ActiveCfg = Release|Any CPU
		{935F1B4B-9C23-4279-8B1B-3C4035E96F88}.Release|Any CPU.Build.0 = Release|Any CPU
		{3949E22B-2086-4054-938D-1DBC67B24557}.Debug|Any CPU.ActiveCfg = Debug|Any CPU
		{3949E22B-2086-4054-938D-1DBC67B24557}.Debug|Any CPU.Build.0 = Debug|Any CPU
		{3949E22B-2086-4054-938D-1DBC67B24557}.Release|Any CPU.ActiveCfg = Release|Any CPU
		{3949E22B-2086-4054-938D-1DBC67B24557}.Release|Any CPU.Build.0 = Release|Any CPU
		{7CDBB3CA-D173-4AC9-B924-B9433CF79CD4}.Debug|Any CPU.ActiveCfg = Debug|Any CPU
		{7CDBB3CA-D173-4AC9-B924-B9433CF79CD4}.Debug|Any CPU.Build.0 = Debug|Any CPU
		{7CDBB3CA-D173-4AC9-B924-B9433CF79CD4}.Release|Any CPU.ActiveCfg = Release|Any CPU
		{7CDBB3CA-D173-4AC9-B924-B9433CF79CD4}.Release|Any CPU.Build.0 = Release|Any CPU
	EndGlobalSection
	GlobalSection(SolutionProperties) = preSolution
		HideSolutionNode = FALSE
	EndGlobalSection
EndGlobal
